
Microsoft Visual Studio Solution File, Format Version 12.00
Project("{FAE04EC0-301F-11D3-BF4B-00C04F79EFBC}") = "APBD_08", "APBD_08\APBD_08.csproj", "{B52B3B85-7E4A-4D75-9FBD-2B896D67F6A8}"
EndProject
Global
	GlobalSection(SolutionConfigurationPlatforms) = preSolution
		Debug|Any CPU = Debug|Any CPU
		Release|Any CPU = Release|Any CPU
	EndGlobalSection
	GlobalSection(ProjectConfigurationPlatforms) = postSolution
		{B52B3B85-7E4A-4D75-9FBD-2B896D67F6A8}.Debug|Any CPU.ActiveCfg = Debug|Any CPU
		{B52B3B85-7E4A-4D75-9FBD-2B896D67F6A8}.Debug|Any CPU.Build.0 = Debug|Any CPU
		{B52B3B85-7E4A-4D75-9FBD-2B896D67F6A8}.Release|Any CPU.ActiveCfg = Release|Any CPU
		{B52B3B85-7E4A-4D75-9FBD-2B896D67F6A8}.Release|Any CPU.Build.0 = Release|Any CPU
	EndGlobalSection
EndGlobal
